<Solution>
  <Folder Name="/src/">
    <Project Path="src/Companion.Api/Companion.Api.csproj" />
    <Project Path="src/Companion.Domain/Companion.Domain.csproj" />
  </Folder>
  <Folder Name="/tests/">
    <Project Path="tests/Companion.Api.Tests/Companion.Api.Tests.csproj" />
    <Project Path="tests/Companion.Domain.Tests/Companion.Domain.Tests.csproj" />
  </Folder>
</Solution>
